<Solution>
  <Project Path="RPGFramework.csproj" />
  <Project Path="RPGFramework.Editor.csproj" />
  <Project Path="RPGFramework.Plugins.csproj" />
  <Project Path="GlackSaga.csproj" />
  <Project Path="NaughtyAttributes.Core.csproj" />
  <Project Path="NaughtyAttributes.Editor.csproj" />
  <Project Path="NaughtyAttributes.Test.csproj" />
</Solution>
